
Microsoft Visual Studio Solution File, Format Version 12.00
# Visual Studio 15
VisualStudioVersion = 15.0.27703.2035
MinimumVisualStudioVersion = 10.0.40219.1
Project("{FAE04EC0-301F-11D3-BF4B-00C04F79EFBC}") = "CaseProblems", "CaseProblems\CaseProblems.csproj", "{3D18E4DC-F09F-4452-BCC1-F15F35425661}"
EndProject
Global
	GlobalSection(SolutionConfigurationPlatforms) = preSolution
		Debug|Any CPU = Debug|Any CPU
		Release|Any CPU = Release|Any CPU
	EndGlobalSection
	GlobalSection(ProjectConfigurationPlatforms) = postSolution
		{3D18E4DC-F09F-4452-BCC1-F15F35425661}.Debug|Any CPU.ActiveCfg = Debug|Any CPU
		{3D18E4DC-F09F-4452-BCC1-F15F35425661}.Debug|Any CPU.Build.0 = Debug|Any CPU
		{3D18E4DC-F09F-4452-BCC1-F15F35425661}.Release|Any CPU.ActiveCfg = Release|Any CPU
		{3D18E4DC-F09F-4452-BCC1-F15F35425661}.Release|Any CPU.Build.0 = Release|Any CPU
	EndGlobalSection
	GlobalSection(SolutionProperties) = preSolution
		HideSolutionNode = FALSE
	EndGlobalSection
	GlobalSection(ExtensibilityGlobals) = postSolution
		SolutionGuid = {16A00DF7-6BEB-4B65-AEDE-1BF4FF51AA34}
	EndGlobalSection
EndGlobal
