
Microsoft Visual Studio Solution File, Format Version 12.00
# Visual Studio 15
VisualStudioVersion = 15.0.27703.2035
MinimumVisualStudioVersion = 10.0.40219.1
Project("{FAE04EC0-301F-11D3-BF4B-00C04F79EFBC}") = "PayRollGUI", "PayRollGUI\PayRollGUI.csproj", "{DAE2802A-AEC1-4550-8CD4-22F46D02C410}"
EndProject
Global
	GlobalSection(SolutionConfigurationPlatforms) = preSolution
		Debug|Any CPU = Debug|Any CPU
		Release|Any CPU = Release|Any CPU
	EndGlobalSection
	GlobalSection(ProjectConfigurationPlatforms) = postSolution
		{DAE2802A-AEC1-4550-8CD4-22F46D02C410}.Debug|Any CPU.ActiveCfg = Debug|Any CPU
		{DAE2802A-AEC1-4550-8CD4-22F46D02C410}.Debug|Any CPU.Build.0 = Debug|Any CPU
		{DAE2802A-AEC1-4550-8CD4-22F46D02C410}.Release|Any CPU.ActiveCfg = Release|Any CPU
		{DAE2802A-AEC1-4550-8CD4-22F46D02C410}.Release|Any CPU.Build.0 = Release|Any CPU
	EndGlobalSection
	GlobalSection(SolutionProperties) = preSolution
		HideSolutionNode = FALSE
	EndGlobalSection
	GlobalSection(ExtensibilityGlobals) = postSolution
		SolutionGuid = {4BBACC1E-E380-47C1-8ADD-FB70643FDBB8}
	EndGlobalSection
EndGlobal
